// !$*UTF8*$!
{
	archiveVersion = 1;
	classes = {
	};
	objectVersion = 48;
	objects = {

/* Begin PBXBuildFile section */
		211CD8B1C0C02ADD7033A77D /* Pods_IOSMarvel.framework in Frameworks */ = {isa = PBXBuildFile; fileRef = 09255C6E455F56257990EC04 /* Pods_IOSMarvel.framework */; };
		871208C720805BC800B759A8 /* Character.xcdatamodeld in Sources */ = {isa = PBXBuildFile; fileRef = 871208C520805BC800B759A8 /* Character.xcdatamodeld */; };
		871E1DB3207F5B9300F9AF1E /* libsqlite3.0.tbd in Frameworks */ = {isa = PBXBuildFile; fileRef = 871E1DB2207F5B9300F9AF1E /* libsqlite3.0.tbd */; };
		87215DC92080869C00FAF647 /* DBManager.swift in Sources */ = {isa = PBXBuildFile; fileRef = 87215DC82080869C00FAF647 /* DBManager.swift */; };
		875224B3207C6A5D00AFC675 /* ElementViewController.swift in Sources */ = {isa = PBXBuildFile; fileRef = 875224B1207C6A5D00AFC675 /* ElementViewController.swift */; };
		875224B4207C6A5D00AFC675 /* ElementViewController.xib in Resources */ = {isa = PBXBuildFile; fileRef = 875224B2207C6A5D00AFC675 /* ElementViewController.xib */; };
		875224B6207C721A00AFC675 /* TextSize.swift in Sources */ = {isa = PBXBuildFile; fileRef = 875224B5207C721A00AFC675 /* TextSize.swift */; };
		875224B8207C953300AFC675 /* Element.swift in Sources */ = {isa = PBXBuildFile; fileRef = 875224B7207C953300AFC675 /* Element.swift */; };
		875224BA207C986800AFC675 /* DataElement.swift in Sources */ = {isa = PBXBuildFile; fileRef = 875224B9207C986800AFC675 /* DataElement.swift */; };
		875224BC207C98A200AFC675 /* ElementResponse.swift in Sources */ = {isa = PBXBuildFile; fileRef = 875224BB207C98A200AFC675 /* ElementResponse.swift */; };
		875224BE207C98D000AFC675 /* ElementRepository.swift in Sources */ = {isa = PBXBuildFile; fileRef = 875224BD207C98D000AFC675 /* ElementRepository.swift */; };
		876123F32075B3B8001E7167 /* AppDelegate.swift in Sources */ = {isa = PBXBuildFile; fileRef = 876123F22075B3B8001E7167 /* AppDelegate.swift */; };
		876123FA2075B3B8001E7167 /* Assets.xcassets in Resources */ = {isa = PBXBuildFile; fileRef = 876123F92075B3B8001E7167 /* Assets.xcassets */; };
		876123FD2075B3B8001E7167 /* LaunchScreen.storyboard in Resources */ = {isa = PBXBuildFile; fileRef = 876123FB2075B3B8001E7167 /* LaunchScreen.storyboard */; };
		876EB57D208999210021FE74 /* NavigationViewController.swift in Sources */ = {isa = PBXBuildFile; fileRef = 876EB57C208999210021FE74 /* NavigationViewController.swift */; };
		876ED31920772B830066448C /* URLs.swift in Sources */ = {isa = PBXBuildFile; fileRef = 876ED31820772B830066448C /* URLs.swift */; };
		876ED31E20772D970066448C /* APIService.swift in Sources */ = {isa = PBXBuildFile; fileRef = 876ED31C20772D960066448C /* APIService.swift */; };
		876ED31F20772D970066448C /* CustomRequestAdapter.swift in Sources */ = {isa = PBXBuildFile; fileRef = 876ED31D20772D970066448C /* CustomRequestAdapter.swift */; };
		876ED32120772DE70066448C /* BaseRequest.swift in Sources */ = {isa = PBXBuildFile; fileRef = 876ED32020772DE70066448C /* BaseRequest.swift */; };
		876ED32320772E0E0066448C /* BaseResponse.swift in Sources */ = {isa = PBXBuildFile; fileRef = 876ED32220772E0E0066448C /* BaseResponse.swift */; };
		876ED32520772E3C0066448C /* ErrorResponse.swift in Sources */ = {isa = PBXBuildFile; fileRef = 876ED32420772E3C0066448C /* ErrorResponse.swift */; };
		876ED32720772E460066448C /* BaseResult.swift in Sources */ = {isa = PBXBuildFile; fileRef = 876ED32620772E460066448C /* BaseResult.swift */; };
		876ED32920772E4D0066448C /* BaseError.swift in Sources */ = {isa = PBXBuildFile; fileRef = 876ED32820772E4D0066448C /* BaseError.swift */; };
		876ED32C207730D10066448C /* CharacterRepository.swift in Sources */ = {isa = PBXBuildFile; fileRef = 876ED32B207730D10066448C /* CharacterRepository.swift */; };
		876ED32F2077490F0066448C /* Character.swift in Sources */ = {isa = PBXBuildFile; fileRef = 876ED32E2077490F0066448C /* Character.swift */; };
		876ED33320774F440066448C /* CharacterCollectionViewCell.swift in Sources */ = {isa = PBXBuildFile; fileRef = 876ED33120774F440066448C /* CharacterCollectionViewCell.swift */; };
		876ED33420774F440066448C /* CharacterCollectionViewCell.xib in Resources */ = {isa = PBXBuildFile; fileRef = 876ED33220774F440066448C /* CharacterCollectionViewCell.xib */; };
		876ED33820775F210066448C /* CharacterDetailViewController.swift in Sources */ = {isa = PBXBuildFile; fileRef = 876ED33620775F210066448C /* CharacterDetailViewController.swift */; };
		876ED33920775F210066448C /* CharacterDetailViewController.xib in Resources */ = {isa = PBXBuildFile; fileRef = 876ED33720775F210066448C /* CharacterDetailViewController.xib */; };
		876ED33C207762480066448C /* CharacterListCollectionViewCell.swift in Sources */ = {isa = PBXBuildFile; fileRef = 876ED33A207762480066448C /* CharacterListCollectionViewCell.swift */; };
		876ED33D207762480066448C /* CharacterListCollectionViewCell.xib in Resources */ = {isa = PBXBuildFile; fileRef = 876ED33B207762480066448C /* CharacterListCollectionViewCell.xib */; };
		87C2BB1B207AF7E800AB2B5C /* UIImageView.swift in Sources */ = {isa = PBXBuildFile; fileRef = 87C2BB1A207AF7E800AB2B5C /* UIImageView.swift */; };
		87C2BB1D207B166F00AB2B5C /* DataCharacter.swift in Sources */ = {isa = PBXBuildFile; fileRef = 87C2BB1C207B166F00AB2B5C /* DataCharacter.swift */; };
		87C2BB1F207B1A8500AB2B5C /* Thumbnail.swift in Sources */ = {isa = PBXBuildFile; fileRef = 87C2BB1E207B1A8500AB2B5C /* Thumbnail.swift */; };
		87C2BB26207B6BA900AB2B5C /* AlertViewController.swift in Sources */ = {isa = PBXBuildFile; fileRef = 87C2BB25207B6BA900AB2B5C /* AlertViewController.swift */; };
		87D6E15220778CF800ACE2A1 /* CharacterResponse.swift in Sources */ = {isa = PBXBuildFile; fileRef = 87D6E15120778CF800ACE2A1 /* CharacterResponse.swift */; };
		87FB623C2076112F00B4FE35 /* MarvelTabbarController.swift in Sources */ = {isa = PBXBuildFile; fileRef = 87FB623B2076112F00B4FE35 /* MarvelTabbarController.swift */; };
		87FB623E2076116000B4FE35 /* BaseViewController.swift in Sources */ = {isa = PBXBuildFile; fileRef = 87FB623D2076116000B4FE35 /* BaseViewController.swift */; };
		87FB62412076118A00B4FE35 /* HomeViewController.swift in Sources */ = {isa = PBXBuildFile; fileRef = 87FB623F2076118A00B4FE35 /* HomeViewController.swift */; };
		87FB62422076118A00B4FE35 /* HomeViewController.xib in Resources */ = {isa = PBXBuildFile; fileRef = 87FB62402076118A00B4FE35 /* HomeViewController.xib */; };
		87FB62452076119800B4FE35 /* FavoriteViewController.swift in Sources */ = {isa = PBXBuildFile; fileRef = 87FB62432076119800B4FE35 /* FavoriteViewController.swift */; };
		87FB62462076119800B4FE35 /* FavoriteViewController.xib in Resources */ = {isa = PBXBuildFile; fileRef = 87FB62442076119800B4FE35 /* FavoriteViewController.xib */; };
		87FB62502076209C00B4FE35 /* Constant.swift in Sources */ = {isa = PBXBuildFile; fileRef = 87FB624F2076209C00B4FE35 /* Constant.swift */; };
		87FB62532076229400B4FE35 /* XibInitProtocol.swift in Sources */ = {isa = PBXBuildFile; fileRef = 87FB62522076229400B4FE35 /* XibInitProtocol.swift */; };
/* End PBXBuildFile section */

/* Begin PBXFileReference section */
		09255C6E455F56257990EC04 /* Pods_IOSMarvel.framework */ = {isa = PBXFileReference; explicitFileType = wrapper.framework; includeInIndex = 0; path = Pods_IOSMarvel.framework; sourceTree = BUILT_PRODUCTS_DIR; };
		0C88E24D5D04CB752B9B2676 /* Pods-IOSMarvel.debug.xcconfig */ = {isa = PBXFileReference; includeInIndex = 1; lastKnownFileType = text.xcconfig; name = "Pods-IOSMarvel.debug.xcconfig"; path = "Pods/Target Support Files/Pods-IOSMarvel/Pods-IOSMarvel.debug.xcconfig"; sourceTree = "<group>"; };
		103BC25D03A2830D17DEF0EA /* Pods-IOSMarvel.release.xcconfig */ = {isa = PBXFileReference; includeInIndex = 1; lastKnownFileType = text.xcconfig; name = "Pods-IOSMarvel.release.xcconfig"; path = "Pods/Target Support Files/Pods-IOSMarvel/Pods-IOSMarvel.release.xcconfig"; sourceTree = "<group>"; };
		871208C620805BC800B759A8 /* Character.xcdatamodel */ = {isa = PBXFileReference; lastKnownFileType = wrapper.xcdatamodel; path = Character.xcdatamodel; sourceTree = "<group>"; };
		871E1DB2207F5B9300F9AF1E /* libsqlite3.0.tbd */ = {isa = PBXFileReference; lastKnownFileType = "sourcecode.text-based-dylib-definition"; name = libsqlite3.0.tbd; path = usr/lib/libsqlite3.0.tbd; sourceTree = SDKROOT; };
		871E1DB4207F5BEF00F9AF1E /* IOSMarvel-Bridging-Header.h */ = {isa = PBXFileReference; lastKnownFileType = sourcecode.c.h; path = "IOSMarvel-Bridging-Header.h"; sourceTree = "<group>"; };
		87215DC82080869C00FAF647 /* DBManager.swift */ = {isa = PBXFileReference; lastKnownFileType = sourcecode.swift; path = DBManager.swift; sourceTree = "<group>"; };
		875224B1207C6A5D00AFC675 /* ElementViewController.swift */ = {isa = PBXFileReference; lastKnownFileType = sourcecode.swift; path = ElementViewController.swift; sourceTree = "<group>"; };
		875224B2207C6A5D00AFC675 /* ElementViewController.xib */ = {isa = PBXFileReference; lastKnownFileType = file.xib; path = ElementViewController.xib; sourceTree = "<group>"; };
		875224B5207C721A00AFC675 /* TextSize.swift */ = {isa = PBXFileReference; lastKnownFileType = sourcecode.swift; path = TextSize.swift; sourceTree = "<group>"; };
		875224B7207C953300AFC675 /* Element.swift */ = {isa = PBXFileReference; lastKnownFileType = sourcecode.swift; path = Element.swift; sourceTree = "<group>"; };
		875224B9207C986800AFC675 /* DataElement.swift */ = {isa = PBXFileReference; lastKnownFileType = sourcecode.swift; path = DataElement.swift; sourceTree = "<group>"; };
		875224BB207C98A200AFC675 /* ElementResponse.swift */ = {isa = PBXFileReference; lastKnownFileType = sourcecode.swift; path = ElementResponse.swift; sourceTree = "<group>"; };
		875224BD207C98D000AFC675 /* ElementRepository.swift */ = {isa = PBXFileReference; lastKnownFileType = sourcecode.swift; path = ElementRepository.swift; sourceTree = "<group>"; };
		876123EF2075B3B8001E7167 /* IOSMarvel.app */ = {isa = PBXFileReference; explicitFileType = wrapper.application; includeInIndex = 0; path = IOSMarvel.app; sourceTree = BUILT_PRODUCTS_DIR; };
		876123F22075B3B8001E7167 /* AppDelegate.swift */ = {isa = PBXFileReference; lastKnownFileType = sourcecode.swift; path = AppDelegate.swift; sourceTree = "<group>"; };
		876123F92075B3B8001E7167 /* Assets.xcassets */ = {isa = PBXFileReference; lastKnownFileType = folder.assetcatalog; path = Assets.xcassets; sourceTree = "<group>"; };
		876123FC2075B3B8001E7167 /* Base */ = {isa = PBXFileReference; lastKnownFileType = file.storyboard; name = Base; path = Base.lproj/LaunchScreen.storyboard; sourceTree = "<group>"; };
		876123FE2075B3B8001E7167 /* Info.plist */ = {isa = PBXFileReference; lastKnownFileType = text.plist.xml; path = Info.plist; sourceTree = "<group>"; };
		876EB57C208999210021FE74 /* NavigationViewController.swift */ = {isa = PBXFileReference; lastKnownFileType = sourcecode.swift; path = NavigationViewController.swift; sourceTree = "<group>"; };
		876ED31820772B830066448C /* URLs.swift */ = {isa = PBXFileReference; lastKnownFileType = sourcecode.swift; path = URLs.swift; sourceTree = "<group>"; };
		876ED31C20772D960066448C /* APIService.swift */ = {isa = PBXFileReference; fileEncoding = 4; lastKnownFileType = sourcecode.swift; path = APIService.swift; sourceTree = "<group>"; };
		876ED31D20772D970066448C /* CustomRequestAdapter.swift */ = {isa = PBXFileReference; fileEncoding = 4; lastKnownFileType = sourcecode.swift; path = CustomRequestAdapter.swift; sourceTree = "<group>"; };
		876ED32020772DE70066448C /* BaseRequest.swift */ = {isa = PBXFileReference; fileEncoding = 4; lastKnownFileType = sourcecode.swift; path = BaseRequest.swift; sourceTree = "<group>"; };
		876ED32220772E0E0066448C /* BaseResponse.swift */ = {isa = PBXFileReference; fileEncoding = 4; lastKnownFileType = sourcecode.swift; path = BaseResponse.swift; sourceTree = "<group>"; };
		876ED32420772E3C0066448C /* ErrorResponse.swift */ = {isa = PBXFileReference; fileEncoding = 4; lastKnownFileType = sourcecode.swift; path = ErrorResponse.swift; sourceTree = "<group>"; };
		876ED32620772E460066448C /* BaseResult.swift */ = {isa = PBXFileReference; fileEncoding = 4; lastKnownFileType = sourcecode.swift; path = BaseResult.swift; sourceTree = "<group>"; };
		876ED32820772E4D0066448C /* BaseError.swift */ = {isa = PBXFileReference; fileEncoding = 4; lastKnownFileType = sourcecode.swift; path = BaseError.swift; sourceTree = "<group>"; };
		876ED32B207730D10066448C /* CharacterRepository.swift */ = {isa = PBXFileReference; lastKnownFileType = sourcecode.swift; path = CharacterRepository.swift; sourceTree = "<group>"; };
		876ED32E2077490F0066448C /* Character.swift */ = {isa = PBXFileReference; lastKnownFileType = sourcecode.swift; path = Character.swift; sourceTree = "<group>"; };
		876ED33120774F440066448C /* CharacterCollectionViewCell.swift */ = {isa = PBXFileReference; lastKnownFileType = sourcecode.swift; path = CharacterCollectionViewCell.swift; sourceTree = "<group>"; };
		876ED33220774F440066448C /* CharacterCollectionViewCell.xib */ = {isa = PBXFileReference; lastKnownFileType = file.xib; path = CharacterCollectionViewCell.xib; sourceTree = "<group>"; };
		876ED33620775F210066448C /* CharacterDetailViewController.swift */ = {isa = PBXFileReference; lastKnownFileType = sourcecode.swift; path = CharacterDetailViewController.swift; sourceTree = "<group>"; };
		876ED33720775F210066448C /* CharacterDetailViewController.xib */ = {isa = PBXFileReference; lastKnownFileType = file.xib; path = CharacterDetailViewController.xib; sourceTree = "<group>"; };
		876ED33A207762480066448C /* CharacterListCollectionViewCell.swift */ = {isa = PBXFileReference; lastKnownFileType = sourcecode.swift; path = CharacterListCollectionViewCell.swift; sourceTree = "<group>"; };
		876ED33B207762480066448C /* CharacterListCollectionViewCell.xib */ = {isa = PBXFileReference; lastKnownFileType = file.xib; path = CharacterListCollectionViewCell.xib; sourceTree = "<group>"; };
		87C2BB1A207AF7E800AB2B5C /* UIImageView.swift */ = {isa = PBXFileReference; lastKnownFileType = sourcecode.swift; path = UIImageView.swift; sourceTree = "<group>"; };
		87C2BB1C207B166F00AB2B5C /* DataCharacter.swift */ = {isa = PBXFileReference; lastKnownFileType = sourcecode.swift; path = DataCharacter.swift; sourceTree = "<group>"; };
		87C2BB1E207B1A8500AB2B5C /* Thumbnail.swift */ = {isa = PBXFileReference; lastKnownFileType = sourcecode.swift; path = Thumbnail.swift; sourceTree = "<group>"; };
		87C2BB25207B6BA900AB2B5C /* AlertViewController.swift */ = {isa = PBXFileReference; fileEncoding = 4; lastKnownFileType = sourcecode.swift; path = AlertViewController.swift; sourceTree = "<group>"; };
		87D6E15120778CF800ACE2A1 /* CharacterResponse.swift */ = {isa = PBXFileReference; lastKnownFileType = sourcecode.swift; path = CharacterResponse.swift; sourceTree = "<group>"; };
		87FB623B2076112F00B4FE35 /* MarvelTabbarController.swift */ = {isa = PBXFileReference; lastKnownFileType = sourcecode.swift; path = MarvelTabbarController.swift; sourceTree = "<group>"; };
		87FB623D2076116000B4FE35 /* BaseViewController.swift */ = {isa = PBXFileReference; lastKnownFileType = sourcecode.swift; path = BaseViewController.swift; sourceTree = "<group>"; };
		87FB623F2076118A00B4FE35 /* HomeViewController.swift */ = {isa = PBXFileReference; lastKnownFileType = sourcecode.swift; path = HomeViewController.swift; sourceTree = "<group>"; };
		87FB62402076118A00B4FE35 /* HomeViewController.xib */ = {isa = PBXFileReference; lastKnownFileType = file.xib; path = HomeViewController.xib; sourceTree = "<group>"; };
		87FB62432076119800B4FE35 /* FavoriteViewController.swift */ = {isa = PBXFileReference; lastKnownFileType = sourcecode.swift; path = FavoriteViewController.swift; sourceTree = "<group>"; };
		87FB62442076119800B4FE35 /* FavoriteViewController.xib */ = {isa = PBXFileReference; lastKnownFileType = file.xib; path = FavoriteViewController.xib; sourceTree = "<group>"; };
		87FB624F2076209C00B4FE35 /* Constant.swift */ = {isa = PBXFileReference; lastKnownFileType = sourcecode.swift; path = Constant.swift; sourceTree = "<group>"; };
		87FB62522076229400B4FE35 /* XibInitProtocol.swift */ = {isa = PBXFileReference; lastKnownFileType = sourcecode.swift; path = XibInitProtocol.swift; sourceTree = "<group>"; };
/* End PBXFileReference section */

/* Begin PBXFrameworksBuildPhase section */
		876123EC2075B3B8001E7167 /* Frameworks */ = {
			isa = PBXFrameworksBuildPhase;
			buildActionMask = 2147483647;
			files = (
				871E1DB3207F5B9300F9AF1E /* libsqlite3.0.tbd in Frameworks */,
				211CD8B1C0C02ADD7033A77D /* Pods_IOSMarvel.framework in Frameworks */,
			);
			runOnlyForDeploymentPostprocessing = 0;
		};
/* End PBXFrameworksBuildPhase section */

/* Begin PBXGroup section */
		7C82D108D37DF1FC492A79EA /* Frameworks */ = {
			isa = PBXGroup;
			children = (
				871E1DB2207F5B9300F9AF1E /* libsqlite3.0.tbd */,
				09255C6E455F56257990EC04 /* Pods_IOSMarvel.framework */,
			);
			name = Frameworks;
			sourceTree = "<group>";
		};
		8752249D207C5D4A00AFC675 /* Element */ = {
			isa = PBXGroup;
			children = (
				875224B1207C6A5D00AFC675 /* ElementViewController.swift */,
				875224B2207C6A5D00AFC675 /* ElementViewController.xib */,
			);
			path = Element;
			sourceTree = "<group>";
		};
		876123E62075B3B8001E7167 = {
			isa = PBXGroup;
			children = (
				876123F12075B3B8001E7167 /* IOSMarvel */,
				876123F02075B3B8001E7167 /* Products */,
				B6203DC51F916F1C2A7BBDB3 /* Pods */,
				7C82D108D37DF1FC492A79EA /* Frameworks */,
			);
			sourceTree = "<group>";
		};
		876123F02075B3B8001E7167 /* Products */ = {
			isa = PBXGroup;
			children = (
				876123EF2075B3B8001E7167 /* IOSMarvel.app */,
			);
			name = Products;
			sourceTree = "<group>";
		};
		876123F12075B3B8001E7167 /* IOSMarvel */ = {
			isa = PBXGroup;
			children = (
				876EB5802089E60D0021FE74 /* Customize */,
				87FB62322076101500B4FE35 /* Base Classes */,
				876ED32D207748ED0066448C /* Models */,
				87FB62342076103B00B4FE35 /* Modules */,
				87FB624720761B8800B4FE35 /* Extensions */,
				87FB624E2076207D00B4FE35 /* Ultils */,
				87FB62512076228600B4FE35 /* Protocol */,
				876ED31A20772BCB0066448C /* Servies */,
				876ED32A207730890066448C /* Repositories */,
				87DA34FE207F1A7D0044A7F5 /* Database */,
				876123F22075B3B8001E7167 /* AppDelegate.swift */,
				876123F92075B3B8001E7167 /* Assets.xcassets */,
				871208C520805BC800B759A8 /* Character.xcdatamodeld */,
				876123FB2075B3B8001E7167 /* LaunchScreen.storyboard */,
				876123FE2075B3B8001E7167 /* Info.plist */,
				871E1DB4207F5BEF00F9AF1E /* IOSMarvel-Bridging-Header.h */,
			);
			path = IOSMarvel;
			sourceTree = "<group>";
		};
		876EB5802089E60D0021FE74 /* Customize */ = {
			isa = PBXGroup;
			children = (
			);
			path = Customize;
			sourceTree = "<group>";
		};
		876ED31A20772BCB0066448C /* Servies */ = {
			isa = PBXGroup;
			children = (
				87D6E15320778D0400ACE2A1 /* Character */,
				876ED32020772DE70066448C /* BaseRequest.swift */,
				876ED32220772E0E0066448C /* BaseResponse.swift */,
				876ED32420772E3C0066448C /* ErrorResponse.swift */,
				876ED32620772E460066448C /* BaseResult.swift */,
				876ED32820772E4D0066448C /* BaseError.swift */,
				876ED31B20772C120066448C /* API */,
			);
			path = Servies;
			sourceTree = "<group>";
		};
		876ED31B20772C120066448C /* API */ = {
			isa = PBXGroup;
			children = (
				876ED31C20772D960066448C /* APIService.swift */,
				876ED31D20772D970066448C /* CustomRequestAdapter.swift */,
			);
			path = API;
			sourceTree = "<group>";
		};
		876ED32A207730890066448C /* Repositories */ = {
			isa = PBXGroup;
			children = (
				876ED32B207730D10066448C /* CharacterRepository.swift */,
				875224BD207C98D000AFC675 /* ElementRepository.swift */,
			);
			path = Repositories;
			sourceTree = "<group>";
		};
		876ED32D207748ED0066448C /* Models */ = {
			isa = PBXGroup;
			children = (
				876ED32E2077490F0066448C /* Character.swift */,
				87C2BB1C207B166F00AB2B5C /* DataCharacter.swift */,
				87C2BB1E207B1A8500AB2B5C /* Thumbnail.swift */,
				875224B7207C953300AFC675 /* Element.swift */,
				875224B9207C986800AFC675 /* DataElement.swift */,
			);
			path = Models;
			sourceTree = "<group>";
		};
		876ED33020774F040066448C /* HomeCell */ = {
			isa = PBXGroup;
			children = (
				876ED33120774F440066448C /* CharacterCollectionViewCell.swift */,
				876ED33220774F440066448C /* CharacterCollectionViewCell.xib */,
				876ED33A207762480066448C /* CharacterListCollectionViewCell.swift */,
				876ED33B207762480066448C /* CharacterListCollectionViewCell.xib */,
			);
			path = HomeCell;
			sourceTree = "<group>";
		};
		876ED33520775EEC0066448C /* CharacterDetail */ = {
			isa = PBXGroup;
			children = (
				8752249D207C5D4A00AFC675 /* Element */,
				876ED33620775F210066448C /* CharacterDetailViewController.swift */,
				876ED33720775F210066448C /* CharacterDetailViewController.xib */,
			);
			path = CharacterDetail;
			sourceTree = "<group>";
		};
		87D6E15320778D0400ACE2A1 /* Character */ = {
			isa = PBXGroup;
			children = (
				87D6E15120778CF800ACE2A1 /* CharacterResponse.swift */,
				875224BB207C98A200AFC675 /* ElementResponse.swift */,
			);
			path = Character;
			sourceTree = "<group>";
		};
		87DA34FE207F1A7D0044A7F5 /* Database */ = {
			isa = PBXGroup;
			children = (
				87215DC82080869C00FAF647 /* DBManager.swift */,
			);
			path = Database;
			sourceTree = "<group>";
		};
		87FB62322076101500B4FE35 /* Base Classes */ = {
			isa = PBXGroup;
			children = (
				87FB623B2076112F00B4FE35 /* MarvelTabbarController.swift */,
				87FB623D2076116000B4FE35 /* BaseViewController.swift */,
				876EB57C208999210021FE74 /* NavigationViewController.swift */,
			);
			path = "Base Classes";
			sourceTree = "<group>";
		};
		87FB62342076103B00B4FE35 /* Modules */ = {
			isa = PBXGroup;
			children = (
				87FB6239207610E200B4FE35 /* Home */,
				87FB623A207610E900B4FE35 /* Favorite */,
			);
			path = Modules;
			sourceTree = "<group>";
		};
		87FB6239207610E200B4FE35 /* Home */ = {
			isa = PBXGroup;
			children = (
				876ED33520775EEC0066448C /* CharacterDetail */,
				876ED33020774F040066448C /* HomeCell */,
				87FB623F2076118A00B4FE35 /* HomeViewController.swift */,
				87FB62402076118A00B4FE35 /* HomeViewController.xib */,
			);
			path = Home;
			sourceTree = "<group>";
		};
		87FB623A207610E900B4FE35 /* Favorite */ = {
			isa = PBXGroup;
			children = (
				87FB62432076119800B4FE35 /* FavoriteViewController.swift */,
				87FB62442076119800B4FE35 /* FavoriteViewController.xib */,
			);
			path = Favorite;
			sourceTree = "<group>";
		};
		87FB624720761B8800B4FE35 /* Extensions */ = {
			isa = PBXGroup;
			children = (
				87C2BB25207B6BA900AB2B5C /* AlertViewController.swift */,
				87C2BB1A207AF7E800AB2B5C /* UIImageView.swift */,
			);
			path = Extensions;
			sourceTree = "<group>";
		};
		87FB624E2076207D00B4FE35 /* Ultils */ = {
			isa = PBXGroup;
			children = (
				87FB624F2076209C00B4FE35 /* Constant.swift */,
				876ED31820772B830066448C /* URLs.swift */,
				875224B5207C721A00AFC675 /* TextSize.swift */,
			);
			path = Ultils;
			sourceTree = "<group>";
		};
		87FB62512076228600B4FE35 /* Protocol */ = {
			isa = PBXGroup;
			children = (
				87FB62522076229400B4FE35 /* XibInitProtocol.swift */,
			);
			path = Protocol;
			sourceTree = "<group>";
		};
		B6203DC51F916F1C2A7BBDB3 /* Pods */ = {
			isa = PBXGroup;
			children = (
				0C88E24D5D04CB752B9B2676 /* Pods-IOSMarvel.debug.xcconfig */,
				103BC25D03A2830D17DEF0EA /* Pods-IOSMarvel.release.xcconfig */,
			);
			name = Pods;
			sourceTree = "<group>";
		};
/* End PBXGroup section */

/* Begin PBXNativeTarget section */
		876123EE2075B3B8001E7167 /* IOSMarvel */ = {
			isa = PBXNativeTarget;
			buildConfigurationList = 876124012075B3B8001E7167 /* Build configuration list for PBXNativeTarget "IOSMarvel" */;
			buildPhases = (
				3E2FC7C8004C04AF79C84FAD /* [CP] Check Pods Manifest.lock */,
				876124042075B901001E7167 /* ShellScript */,
				876123EB2075B3B8001E7167 /* Sources */,
				876123EC2075B3B8001E7167 /* Frameworks */,
				876123ED2075B3B8001E7167 /* Resources */,
				0111DFB5D5615E53557AD198 /* [CP] Embed Pods Frameworks */,
				EA9F2E92B2891B810C7EF230 /* [CP] Copy Pods Resources */,
			);
			buildRules = (
			);
			dependencies = (
			);
			name = IOSMarvel;
			productName = IOSMarvel;
			productReference = 876123EF2075B3B8001E7167 /* IOSMarvel.app */;
			productType = "com.apple.product-type.application";
		};
/* End PBXNativeTarget section */

/* Begin PBXProject section */
		876123E72075B3B8001E7167 /* Project object */ = {
			isa = PBXProject;
			attributes = {
				LastSwiftUpdateCheck = 0920;
				LastUpgradeCheck = 0920;
				ORGANIZATIONNAME = mai.thi.giang;
				TargetAttributes = {
					876123EE2075B3B8001E7167 = {
						CreatedOnToolsVersion = 9.2;
						LastSwiftMigration = 0920;
						ProvisioningStyle = Automatic;
					};
				};
			};
			buildConfigurationList = 876123EA2075B3B8001E7167 /* Build configuration list for PBXProject "IOSMarvel" */;
			compatibilityVersion = "Xcode 8.0";
			developmentRegion = en;
			hasScannedForEncodings = 0;
			knownRegions = (
				en,
				Base,
			);
			mainGroup = 876123E62075B3B8001E7167;
			productRefGroup = 876123F02075B3B8001E7167 /* Products */;
			projectDirPath = "";
			projectRoot = "";
			targets = (
				876123EE2075B3B8001E7167 /* IOSMarvel */,
			);
		};
/* End PBXProject section */

/* Begin PBXResourcesBuildPhase section */
		876123ED2075B3B8001E7167 /* Resources */ = {
			isa = PBXResourcesBuildPhase;
			buildActionMask = 2147483647;
			files = (
				87FB62462076119800B4FE35 /* FavoriteViewController.xib in Resources */,
				876123FD2075B3B8001E7167 /* LaunchScreen.storyboard in Resources */,
				87FB62422076118A00B4FE35 /* HomeViewController.xib in Resources */,
				875224B4207C6A5D00AFC675 /* ElementViewController.xib in Resources */,
				876ED33920775F210066448C /* CharacterDetailViewController.xib in Resources */,
				876ED33D207762480066448C /* CharacterListCollectionViewCell.xib in Resources */,
				876ED33420774F440066448C /* CharacterCollectionViewCell.xib in Resources */,
				876123FA2075B3B8001E7167 /* Assets.xcassets in Resources */,
			);
			runOnlyForDeploymentPostprocessing = 0;
		};
/* End PBXResourcesBuildPhase section */

/* Begin PBXShellScriptBuildPhase section */
		0111DFB5D5615E53557AD198 /* [CP] Embed Pods Frameworks */ = {
			isa = PBXShellScriptBuildPhase;
			buildActionMask = 2147483647;
			files = (
			);
			inputPaths = (
				"${SRCROOT}/Pods/Target Support Files/Pods-IOSMarvel/Pods-IOSMarvel-frameworks.sh",
				"${BUILT_PRODUCTS_DIR}/Alamofire/Alamofire.framework",
				"${BUILT_PRODUCTS_DIR}/AlamofireObjectMapper/AlamofireObjectMapper.framework",
				"${BUILT_PRODUCTS_DIR}/Kingfisher/Kingfisher.framework",
				"${BUILT_PRODUCTS_DIR}/NVActivityIndicatorView/NVActivityIndicatorView.framework",
				"${BUILT_PRODUCTS_DIR}/ObjectMapper/ObjectMapper.framework",
				"${BUILT_PRODUCTS_DIR}/SwiftHash/SwiftHash.framework",
				"${BUILT_PRODUCTS_DIR}/SwiftyJSON/SwiftyJSON.framework",
				"${BUILT_PRODUCTS_DIR}/ViewPager-Swift/ViewPager_Swift.framework",
			);
			name = "[CP] Embed Pods Frameworks";
			outputPaths = (
				"${TARGET_BUILD_DIR}/${FRAMEWORKS_FOLDER_PATH}/Alamofire.framework",
				"${TARGET_BUILD_DIR}/${FRAMEWORKS_FOLDER_PATH}/AlamofireObjectMapper.framework",
				"${TARGET_BUILD_DIR}/${FRAMEWORKS_FOLDER_PATH}/Kingfisher.framework",
				"${TARGET_BUILD_DIR}/${FRAMEWORKS_FOLDER_PATH}/NVActivityIndicatorView.framework",
				"${TARGET_BUILD_DIR}/${FRAMEWORKS_FOLDER_PATH}/ObjectMapper.framework",
				"${TARGET_BUILD_DIR}/${FRAMEWORKS_FOLDER_PATH}/SwiftHash.framework",
				"${TARGET_BUILD_DIR}/${FRAMEWORKS_FOLDER_PATH}/SwiftyJSON.framework",
				"${TARGET_BUILD_DIR}/${FRAMEWORKS_FOLDER_PATH}/ViewPager_Swift.framework",
			);
			runOnlyForDeploymentPostprocessing = 0;
			shellPath = /bin/sh;
			shellScript = "\"${SRCROOT}/Pods/Target Support Files/Pods-IOSMarvel/Pods-IOSMarvel-frameworks.sh\"\n";
			showEnvVarsInLog = 0;
		};
		3E2FC7C8004C04AF79C84FAD /* [CP] Check Pods Manifest.lock */ = {
			isa = PBXShellScriptBuildPhase;
			buildActionMask = 2147483647;
			files = (
			);
			inputPaths = (
				"${PODS_PODFILE_DIR_PATH}/Podfile.lock",
				"${PODS_ROOT}/Manifest.lock",
			);
			name = "[CP] Check Pods Manifest.lock";
			outputPaths = (
				"$(DERIVED_FILE_DIR)/Pods-IOSMarvel-checkManifestLockResult.txt",
			);
			runOnlyForDeploymentPostprocessing = 0;
			shellPath = /bin/sh;
			shellScript = "diff \"${PODS_PODFILE_DIR_PATH}/Podfile.lock\" \"${PODS_ROOT}/Manifest.lock\" > /dev/null\nif [ $? != 0 ] ; then\n    # print error to STDERR\n    echo \"error: The sandbox is not in sync with the Podfile.lock. Run 'pod install' or update your CocoaPods installation.\" >&2\n    exit 1\nfi\n# This output is used by Xcode 'outputs' to avoid re-running this script phase.\necho \"SUCCESS\" > \"${SCRIPT_OUTPUT_FILE_0}\"\n";
			showEnvVarsInLog = 0;
		};
		876124042075B901001E7167 /* ShellScript */ = {
			isa = PBXShellScriptBuildPhase;
			buildActionMask = 2147483647;
			files = (
			);
			inputPaths = (
			);
			outputPaths = (
			);
			runOnlyForDeploymentPostprocessing = 0;
			shellPath = /bin/sh;
			shellScript = "\"${PODS_ROOT}/SwiftLint/swiftlint\"";
		};
		EA9F2E92B2891B810C7EF230 /* [CP] Copy Pods Resources */ = {
			isa = PBXShellScriptBuildPhase;
			buildActionMask = 2147483647;
			files = (
			);
			inputPaths = (
			);
			name = "[CP] Copy Pods Resources";
			outputPaths = (
			);
			runOnlyForDeploymentPostprocessing = 0;
			shellPath = /bin/sh;
			shellScript = "\"${SRCROOT}/Pods/Target Support Files/Pods-IOSMarvel/Pods-IOSMarvel-resources.sh\"\n";
			showEnvVarsInLog = 0;
		};
/* End PBXShellScriptBuildPhase section */

/* Begin PBXSourcesBuildPhase section */
		876123EB2075B3B8001E7167 /* Sources */ = {
			isa = PBXSourcesBuildPhase;
			buildActionMask = 2147483647;
			files = (
				87FB623C2076112F00B4FE35 /* MarvelTabbarController.swift in Sources */,
				87FB62412076118A00B4FE35 /* HomeViewController.swift in Sources */,
				875224B6207C721A00AFC675 /* TextSize.swift in Sources */,
				876123F32075B3B8001E7167 /* AppDelegate.swift in Sources */,
				876ED32720772E460066448C /* BaseResult.swift in Sources */,
				876ED32920772E4D0066448C /* BaseError.swift in Sources */,
				875224B3207C6A5D00AFC675 /* ElementViewController.swift in Sources */,
				876ED32320772E0E0066448C /* BaseResponse.swift in Sources */,
				87C2BB1B207AF7E800AB2B5C /* UIImageView.swift in Sources */,
				876ED31920772B830066448C /* URLs.swift in Sources */,
				87215DC92080869C00FAF647 /* DBManager.swift in Sources */,
				876ED31F20772D970066448C /* CustomRequestAdapter.swift in Sources */,
				87FB623E2076116000B4FE35 /* BaseViewController.swift in Sources */,
				87C2BB26207B6BA900AB2B5C /* AlertViewController.swift in Sources */,
				875224BC207C98A200AFC675 /* ElementResponse.swift in Sources */,
				876ED32120772DE70066448C /* BaseRequest.swift in Sources */,
				87FB62532076229400B4FE35 /* XibInitProtocol.swift in Sources */,
				871208C720805BC800B759A8 /* Character.xcdatamodeld in Sources */,
				875224BA207C986800AFC675 /* DataElement.swift in Sources */,
				876ED32C207730D10066448C /* CharacterRepository.swift in Sources */,
				876EB57D208999210021FE74 /* NavigationViewController.swift in Sources */,
				876ED33320774F440066448C /* CharacterCollectionViewCell.swift in Sources */,
				87C2BB1F207B1A8500AB2B5C /* Thumbnail.swift in Sources */,
				87FB62452076119800B4FE35 /* FavoriteViewController.swift in Sources */,
				87D6E15220778CF800ACE2A1 /* CharacterResponse.swift in Sources */,
				87C2BB1D207B166F00AB2B5C /* DataCharacter.swift in Sources */,
				876ED31E20772D970066448C /* APIService.swift in Sources */,
				875224BE207C98D000AFC675 /* ElementRepository.swift in Sources */,
				87FB62502076209C00B4FE35 /* Constant.swift in Sources */,
				876ED33C207762480066448C /* CharacterListCollectionViewCell.swift in Sources */,
				876ED32F2077490F0066448C /* Character.swift in Sources */,
				876ED33820775F210066448C /* CharacterDetailViewController.swift in Sources */,
				875224B8207C953300AFC675 /* Element.swift in Sources */,
				876ED32520772E3C0066448C /* ErrorResponse.swift in Sources */,
			);
			runOnlyForDeploymentPostprocessing = 0;
		};
/* End PBXSourcesBuildPhase section */

/* Begin PBXVariantGroup section */
		876123FB2075B3B8001E7167 /* LaunchScreen.storyboard */ = {
			isa = PBXVariantGroup;
			children = (
				876123FC2075B3B8001E7167 /* Base */,
			);
			name = LaunchScreen.storyboard;
			sourceTree = "<group>";
		};
/* End PBXVariantGroup section */

/* Begin XCBuildConfiguration section */
		876123FF2075B3B8001E7167 /* Debug */ = {
			isa = XCBuildConfiguration;
			buildSettings = {
				ALWAYS_SEARCH_USER_PATHS = NO;
				CLANG_ANALYZER_NONNULL = YES;
				CLANG_ANALYZER_NUMBER_OBJECT_CONVERSION = YES_AGGRESSIVE;
				CLANG_CXX_LANGUAGE_STANDARD = "gnu++14";
				CLANG_CXX_LIBRARY = "libc++";
				CLANG_ENABLE_MODULES = YES;
				CLANG_ENABLE_OBJC_ARC = YES;
				CLANG_WARN_BLOCK_CAPTURE_AUTORELEASING = YES;
				CLANG_WARN_BOOL_CONVERSION = YES;
				CLANG_WARN_COMMA = YES;
				CLANG_WARN_CONSTANT_CONVERSION = YES;
				CLANG_WARN_DIRECT_OBJC_ISA_USAGE = YES_ERROR;
				CLANG_WARN_DOCUMENTATION_COMMENTS = YES;
				CLANG_WARN_EMPTY_BODY = YES;
				CLANG_WARN_ENUM_CONVERSION = YES;
				CLANG_WARN_INFINITE_RECURSION = YES;
				CLANG_WARN_INT_CONVERSION = YES;
				CLANG_WARN_NON_LITERAL_NULL_CONVERSION = YES;
				CLANG_WARN_OBJC_LITERAL_CONVERSION = YES;
				CLANG_WARN_OBJC_ROOT_CLASS = YES_ERROR;
				CLANG_WARN_RANGE_LOOP_ANALYSIS = YES;
				CLANG_WARN_STRICT_PROTOTYPES = YES;
				CLANG_WARN_SUSPICIOUS_MOVE = YES;
				CLANG_WARN_UNGUARDED_AVAILABILITY = YES_AGGRESSIVE;
				CLANG_WARN_UNREACHABLE_CODE = YES;
				CLANG_WARN__DUPLICATE_METHOD_MATCH = YES;
				CODE_SIGN_IDENTITY = "iPhone Developer";
				COPY_PHASE_STRIP = NO;
				DEBUG_INFORMATION_FORMAT = dwarf;
				ENABLE_STRICT_OBJC_MSGSEND = YES;
				ENABLE_TESTABILITY = YES;
				GCC_C_LANGUAGE_STANDARD = gnu11;
				GCC_DYNAMIC_NO_PIC = NO;
				GCC_NO_COMMON_BLOCKS = YES;
				GCC_OPTIMIZATION_LEVEL = 0;
				GCC_PREPROCESSOR_DEFINITIONS = (
					"DEBUG=1",
					"$(inherited)",
				);
				GCC_WARN_64_TO_32_BIT_CONVERSION = YES;
				GCC_WARN_ABOUT_RETURN_TYPE = YES_ERROR;
				GCC_WARN_UNDECLARED_SELECTOR = YES;
				GCC_WARN_UNINITIALIZED_AUTOS = YES_AGGRESSIVE;
				GCC_WARN_UNUSED_FUNCTION = YES;
				GCC_WARN_UNUSED_VARIABLE = YES;
				IPHONEOS_DEPLOYMENT_TARGET = 11.2;
				MTL_ENABLE_DEBUG_INFO = YES;
				ONLY_ACTIVE_ARCH = YES;
				SDKROOT = iphoneos;
				SWIFT_ACTIVE_COMPILATION_CONDITIONS = DEBUG;
				SWIFT_OPTIMIZATION_LEVEL = "-Onone";
			};
			name = Debug;
		};
		876124002075B3B8001E7167 /* Release */ = {
			isa = XCBuildConfiguration;
			buildSettings = {
				ALWAYS_SEARCH_USER_PATHS = NO;
				CLANG_ANALYZER_NONNULL = YES;
				CLANG_ANALYZER_NUMBER_OBJECT_CONVERSION = YES_AGGRESSIVE;
				CLANG_CXX_LANGUAGE_STANDARD = "gnu++14";
				CLANG_CXX_LIBRARY = "libc++";
				CLANG_ENABLE_MODULES = YES;
				CLANG_ENABLE_OBJC_ARC = YES;
				CLANG_WARN_BLOCK_CAPTURE_AUTORELEASING = YES;
				CLANG_WARN_BOOL_CONVERSION = YES;
				CLANG_WARN_COMMA = YES;
				CLANG_WARN_CONSTANT_CONVERSION = YES;
				CLANG_WARN_DIRECT_OBJC_ISA_USAGE = YES_ERROR;
				CLANG_WARN_DOCUMENTATION_COMMENTS = YES;
				CLANG_WARN_EMPTY_BODY = YES;
				CLANG_WARN_ENUM_CONVERSION = YES;
				CLANG_WARN_INFINITE_RECURSION = YES;
				CLANG_WARN_INT_CONVERSION = YES;
				CLANG_WARN_NON_LITERAL_NULL_CONVERSION = YES;
				CLANG_WARN_OBJC_LITERAL_CONVERSION = YES;
				CLANG_WARN_OBJC_ROOT_CLASS = YES_ERROR;
				CLANG_WARN_RANGE_LOOP_ANALYSIS = YES;
				CLANG_WARN_STRICT_PROTOTYPES = YES;
				CLANG_WARN_SUSPICIOUS_MOVE = YES;
				CLANG_WARN_UNGUARDED_AVAILABILITY = YES_AGGRESSIVE;
				CLANG_WARN_UNREACHABLE_CODE = YES;
				CLANG_WARN__DUPLICATE_METHOD_MATCH = YES;
				CODE_SIGN_IDENTITY = "iPhone Developer";
				COPY_PHASE_STRIP = NO;
				DEBUG_INFORMATION_FORMAT = "dwarf-with-dsym";
				ENABLE_NS_ASSERTIONS = NO;
				ENABLE_STRICT_OBJC_MSGSEND = YES;
				GCC_C_LANGUAGE_STANDARD = gnu11;
				GCC_NO_COMMON_BLOCKS = YES;
				GCC_WARN_64_TO_32_BIT_CONVERSION = YES;
				GCC_WARN_ABOUT_RETURN_TYPE = YES_ERROR;
				GCC_WARN_UNDECLARED_SELECTOR = YES;
				GCC_WARN_UNINITIALIZED_AUTOS = YES_AGGRESSIVE;
				GCC_WARN_UNUSED_FUNCTION = YES;
				GCC_WARN_UNUSED_VARIABLE = YES;
				IPHONEOS_DEPLOYMENT_TARGET = 11.2;
				MTL_ENABLE_DEBUG_INFO = NO;
				SDKROOT = iphoneos;
				SWIFT_OPTIMIZATION_LEVEL = "-Owholemodule";
				VALIDATE_PRODUCT = YES;
			};
			name = Release;
		};
		876124022075B3B8001E7167 /* Debug */ = {
			isa = XCBuildConfiguration;
			baseConfigurationReference = 0C88E24D5D04CB752B9B2676 /* Pods-IOSMarvel.debug.xcconfig */;
			buildSettings = {
				ASSETCATALOG_COMPILER_APPICON_NAME = AppIcon;
				CLANG_ENABLE_MODULES = YES;
				CODE_SIGN_STYLE = Automatic;
				INFOPLIST_FILE = IOSMarvel/Info.plist;
				LD_RUNPATH_SEARCH_PATHS = "$(inherited) @executable_path/Frameworks";
				PRODUCT_BUNDLE_IDENTIFIER = HN.IOSMarvel;
				PRODUCT_NAME = "$(TARGET_NAME)";
				SWIFT_OBJC_BRIDGING_HEADER = "IOSMarvel/IOSMarvel-Bridging-Header.h";
				SWIFT_OPTIMIZATION_LEVEL = "-Onone";
				SWIFT_VERSION = 4.0;
				TARGETED_DEVICE_FAMILY = "1,2";
			};
			name = Debug;
		};
		876124032075B3B8001E7167 /* Release */ = {
			isa = XCBuildConfiguration;
			baseConfigurationReference = 103BC25D03A2830D17DEF0EA /* Pods-IOSMarvel.release.xcconfig */;
			buildSettings = {
				ASSETCATALOG_COMPILER_APPICON_NAME = AppIcon;
				CLANG_ENABLE_MODULES = YES;
				CODE_SIGN_STYLE = Automatic;
				INFOPLIST_FILE = IOSMarvel/Info.plist;
				LD_RUNPATH_SEARCH_PATHS = "$(inherited) @executable_path/Frameworks";
				PRODUCT_BUNDLE_IDENTIFIER = HN.IOSMarvel;
				PRODUCT_NAME = "$(TARGET_NAME)";
				SWIFT_OBJC_BRIDGING_HEADER = "IOSMarvel/IOSMarvel-Bridging-Header.h";
				SWIFT_VERSION = 4.0;
				TARGETED_DEVICE_FAMILY = "1,2";
			};
			name = Release;
		};
/* End XCBuildConfiguration section */

/* Begin XCConfigurationList section */
		876123EA2075B3B8001E7167 /* Build configuration list for PBXProject "IOSMarvel" */ = {
			isa = XCConfigurationList;
			buildConfigurations = (
				876123FF2075B3B8001E7167 /* Debug */,
				876124002075B3B8001E7167 /* Release */,
			);
			defaultConfigurationIsVisible = 0;
			defaultConfigurationName = Release;
		};
		876124012075B3B8001E7167 /* Build configuration list for PBXNativeTarget "IOSMarvel" */ = {
			isa = XCConfigurationList;
			buildConfigurations = (
				876124022075B3B8001E7167 /* Debug */,
				876124032075B3B8001E7167 /* Release */,
			);
			defaultConfigurationIsVisible = 0;
			defaultConfigurationName = Release;
		};
/* End XCConfigurationList section */

/* Begin XCVersionGroup section */
		871208C520805BC800B759A8 /* Character.xcdatamodeld */ = {
			isa = XCVersionGroup;
			children = (
				871208C620805BC800B759A8 /* Character.xcdatamodel */,
			);
			currentVersion = 871208C620805BC800B759A8 /* Character.xcdatamodel */;
			path = Character.xcdatamodeld;
			sourceTree = "<group>";
			versionGroupType = wrapper.xcdatamodel;
		};
/* End XCVersionGroup section */
	};
	rootObject = 876123E72075B3B8001E7167 /* Project object */;
}
